
Microsoft Visual Studio Solution File, Format Version 12.00
# Visual Studio 15
VisualStudioVersion = 15.0.26430.16
MinimumVisualStudioVersion = 10.0.40219.1
Project("{9A19103F-16F7-4668-BE54-9A1E7A4F7556}") = "OnlineWallet.Web.Core", "OnlineWallet.Web.Core\OnlineWallet.Web.Core.csproj", "{4879CD94-E1C1-42C7-B0F3-2F671CEA2876}"
EndProject
Project("{9A19103F-16F7-4668-BE54-9A1E7A4F7556}") = "OnlineWallet.Web.QueryLanguage", "OnlineWallet.Web.QueryLanguage\OnlineWallet.Web.QueryLanguage.csproj", "{7003A24F-02DF-4EB2-A54B-41F6871CC6CA}"
EndProject
Project("{FAE04EC0-301F-11D3-BF4B-00C04F79EFBC}") = "OnlineWallet.Web.Core.Tests", "OnlineWallet.Web.Core.Tests\OnlineWallet.Web.Core.Tests.csproj", "{F5FAEE81-78EF-48B2-9AAB-D77FED909443}"
EndProject
Project("{FAE04EC0-301F-11D3-BF4B-00C04F79EFBC}") = "OnlineWallet.Web.QueryLanguage.Tests", "OnlineWallet.Web.QueryLanguage.Tests\OnlineWallet.Web.QueryLanguage.Tests.csproj", "{F600C559-D33C-4CE2-ABAC-D6E942E6706A}"
EndProject
Global
	GlobalSection(SolutionConfigurationPlatforms) = preSolution
		Debug|Any CPU = Debug|Any CPU
		Release|Any CPU = Release|Any CPU
	EndGlobalSection
	GlobalSection(ProjectConfigurationPlatforms) = postSolution
		{4879CD94-E1C1-42C7-B0F3-2F671CEA2876}.Debug|Any CPU.ActiveCfg = Debug|Any CPU
		{4879CD94-E1C1-42C7-B0F3-2F671CEA2876}.Debug|Any CPU.Build.0 = Debug|Any CPU
		{4879CD94-E1C1-42C7-B0F3-2F671CEA2876}.Release|Any CPU.ActiveCfg = Release|Any CPU
		{4879CD94-E1C1-42C7-B0F3-2F671CEA2876}.Release|Any CPU.Build.0 = Release|Any CPU
		{7003A24F-02DF-4EB2-A54B-41F6871CC6CA}.Debug|Any CPU.ActiveCfg = Debug|Any CPU
		{7003A24F-02DF-4EB2-A54B-41F6871CC6CA}.Debug|Any CPU.Build.0 = Debug|Any CPU
		{7003A24F-02DF-4EB2-A54B-41F6871CC6CA}.Release|Any CPU.ActiveCfg = Release|Any CPU
		{7003A24F-02DF-4EB2-A54B-41F6871CC6CA}.Release|Any CPU.Build.0 = Release|Any CPU
		{F5FAEE81-78EF-48B2-9AAB-D77FED909443}.Debug|Any CPU.ActiveCfg = Debug|Any CPU
		{F5FAEE81-78EF-48B2-9AAB-D77FED909443}.Debug|Any CPU.Build.0 = Debug|Any CPU
		{F5FAEE81-78EF-48B2-9AAB-D77FED909443}.Release|Any CPU.ActiveCfg = Release|Any CPU
		{F5FAEE81-78EF-48B2-9AAB-D77FED909443}.Release|Any CPU.Build.0 = Release|Any CPU
		{F600C559-D33C-4CE2-ABAC-D6E942E6706A}.Debug|Any CPU.ActiveCfg = Debug|Any CPU
		{F600C559-D33C-4CE2-ABAC-D6E942E6706A}.Debug|Any CPU.Build.0 = Debug|Any CPU
		{F600C559-D33C-4CE2-ABAC-D6E942E6706A}.Release|Any CPU.ActiveCfg = Release|Any CPU
		{F600C559-D33C-4CE2-ABAC-D6E942E6706A}.Release|Any CPU.Build.0 = Release|Any CPU
	EndGlobalSection
	GlobalSection(SolutionProperties) = preSolution
		HideSolutionNode = FALSE
	EndGlobalSection
EndGlobal
