
Microsoft Visual Studio Solution File, Format Version 12.00
# Visual Studio 15
VisualStudioVersion = 15.0.26730.8
MinimumVisualStudioVersion = 10.0.40219.1
Project("{9A19103F-16F7-4668-BE54-9A1E7A4F7556}") = "OnlineWallet.Web.Core", "OnlineWallet.Web.Core\OnlineWallet.Web.Core.csproj", "{4879CD94-E1C1-42C7-B0F3-2F671CEA2876}"
EndProject
Project("{9A19103F-16F7-4668-BE54-9A1E7A4F7556}") = "OnlineWallet.Web.Core.Tests", "OnlineWallet.Web.Core.Tests\OnlineWallet.Web.Core.Tests.csproj", "{F5FAEE81-78EF-48B2-9AAB-D77FED909443}"
EndProject
Project("{9A19103F-16F7-4668-BE54-9A1E7A4F7556}") = "OnlineWallet.ExportImport", "OnlineWallet.ExportImport\OnlineWallet.ExportImport.csproj", "{835981C1-58F2-43D1-B272-7C1FA899EC82}"
EndProject
Global
	GlobalSection(SolutionConfigurationPlatforms) = preSolution
		Debug|Any CPU = Debug|Any CPU
		Release|Any CPU = Release|Any CPU
	EndGlobalSection
	GlobalSection(ProjectConfigurationPlatforms) = postSolution
		{4879CD94-E1C1-42C7-B0F3-2F671CEA2876}.Debug|Any CPU.ActiveCfg = Debug|Any CPU
		{4879CD94-E1C1-42C7-B0F3-2F671CEA2876}.Debug|Any CPU.Build.0 = Debug|Any CPU
		{4879CD94-E1C1-42C7-B0F3-2F671CEA2876}.Release|Any CPU.ActiveCfg = Release|Any CPU
		{4879CD94-E1C1-42C7-B0F3-2F671CEA2876}.Release|Any CPU.Build.0 = Release|Any CPU
		{F5FAEE81-78EF-48B2-9AAB-D77FED909443}.Debug|Any CPU.ActiveCfg = Debug|Any CPU
		{F5FAEE81-78EF-48B2-9AAB-D77FED909443}.Debug|Any CPU.Build.0 = Debug|Any CPU
		{F5FAEE81-78EF-48B2-9AAB-D77FED909443}.Release|Any CPU.ActiveCfg = Release|Any CPU
		{F5FAEE81-78EF-48B2-9AAB-D77FED909443}.Release|Any CPU.Build.0 = Release|Any CPU
		{835981C1-58F2-43D1-B272-7C1FA899EC82}.Debug|Any CPU.ActiveCfg = Debug|Any CPU
		{835981C1-58F2-43D1-B272-7C1FA899EC82}.Debug|Any CPU.Build.0 = Debug|Any CPU
		{835981C1-58F2-43D1-B272-7C1FA899EC82}.Release|Any CPU.ActiveCfg = Release|Any CPU
		{835981C1-58F2-43D1-B272-7C1FA899EC82}.Release|Any CPU.Build.0 = Release|Any CPU
	EndGlobalSection
	GlobalSection(SolutionProperties) = preSolution
		HideSolutionNode = FALSE
	EndGlobalSection
	GlobalSection(ExtensibilityGlobals) = postSolution
		SolutionGuid = {2F7A6275-5A7B-478C-85DD-F2569394D38C}
	EndGlobalSection
EndGlobal
